
Microsoft Visual Studio Solution File, Format Version 12.00
# Visual Studio Version 17
VisualStudioVersion = 17.0.32112.339
MinimumVisualStudioVersion = 10.0.40219.1
Project("{9A19103F-16F7-4668-BE54-9A1E7A4F7556}") = "DateX", "Date\DateX.csproj", "{D091E789-231F-4932-AEBB-46B152DD3539}"
EndProject
Project("{9A19103F-16F7-4668-BE54-9A1E7A4F7556}") = "DateX.Tests", "DateX.Tests\DateX.Tests.csproj", "{75706A5A-6D3A-4F01-A60E-3132706CEE23}"
EndProject
Global
	GlobalSection(SolutionConfigurationPlatforms) = preSolution
		Debug|Any CPU = Debug|Any CPU
		Release|Any CPU = Release|Any CPU
	EndGlobalSection
	GlobalSection(ProjectConfigurationPlatforms) = postSolution
		{D091E789-231F-4932-AEBB-46B152DD3539}.Debug|Any CPU.ActiveCfg = Debug|Any CPU
		{D091E789-231F-4932-AEBB-46B152DD3539}.Debug|Any CPU.Build.0 = Debug|Any CPU
		{D091E789-231F-4932-AEBB-46B152DD3539}.Release|Any CPU.ActiveCfg = Release|Any CPU
		{D091E789-231F-4932-AEBB-46B152DD3539}.Release|Any CPU.Build.0 = Release|Any CPU
		{75706A5A-6D3A-4F01-A60E-3132706CEE23}.Debug|Any CPU.ActiveCfg = Debug|Any CPU
		{75706A5A-6D3A-4F01-A60E-3132706CEE23}.Debug|Any CPU.Build.0 = Debug|Any CPU
		{75706A5A-6D3A-4F01-A60E-3132706CEE23}.Release|Any CPU.ActiveCfg = Release|Any CPU
		{75706A5A-6D3A-4F01-A60E-3132706CEE23}.Release|Any CPU.Build.0 = Release|Any CPU
	EndGlobalSection
	GlobalSection(SolutionProperties) = preSolution
		HideSolutionNode = FALSE
	EndGlobalSection
	GlobalSection(ExtensibilityGlobals) = postSolution
		SolutionGuid = {BA5D41DF-3956-496A-9EC4-42EA2D970462}
	EndGlobalSection
EndGlobal
